
Microsoft Visual Studio Solution File, Format Version 12.00
# Visual Studio Version 17
VisualStudioVersion = 17.9.34728.123
MinimumVisualStudioVersion = 10.0.40219.1
Project("{FAE04EC0-301F-11D3-BF4B-00C04F79EFBC}") = "BookStore", "BookStore\BookStore.csproj", "{AD0B2C1B-1748-418F-81EF-4F96245C244A}"
EndProject
Global
	GlobalSection(SolutionConfigurationPlatforms) = preSolution
		Debug|Any CPU = Debug|Any CPU
		Release|Any CPU = Release|Any CPU
	EndGlobalSection
	GlobalSection(ProjectConfigurationPlatforms) = postSolution
		{AD0B2C1B-1748-418F-81EF-4F96245C244A}.Debug|Any CPU.ActiveCfg = Debug|Any CPU
		{AD0B2C1B-1748-418F-81EF-4F96245C244A}.Debug|Any CPU.Build.0 = Debug|Any CPU
		{AD0B2C1B-1748-418F-81EF-4F96245C244A}.Release|Any CPU.ActiveCfg = Release|Any CPU
		{AD0B2C1B-1748-418F-81EF-4F96245C244A}.Release|Any CPU.Build.0 = Release|Any CPU
	EndGlobalSection
	GlobalSection(SolutionProperties) = preSolution
		HideSolutionNode = FALSE
	EndGlobalSection
	GlobalSection(ExtensibilityGlobals) = postSolution
		SolutionGuid = {8CB726D6-3E2C-4DA5-8BFB-99EB3E509899}
	EndGlobalSection
EndGlobal
